
Microsoft Visual Studio Solution File, Format Version 12.00
# Visual Studio Version 17
VisualStudioVersion = 17.14.36301.6 d17.14
MinimumVisualStudioVersion = 10.0.40219.1
Project("{FAE04EC0-301F-11D3-BF4B-00C04F79EFBC}") = "Arda.AnotherService", "Arda.AnotherService\Arda.AnotherService.csproj", "{3F8E2120-4B97-4AB4-B7F6-5579D94D32A0}"
EndProject
Global
	GlobalSection(SolutionConfigurationPlatforms) = preSolution
		Debug|Any CPU = Debug|Any CPU
		Release|Any CPU = Release|Any CPU
	EndGlobalSection
	GlobalSection(ProjectConfigurationPlatforms) = postSolution
		{3F8E2120-4B97-4AB4-B7F6-5579D94D32A0}.Debug|Any CPU.ActiveCfg = Debug|Any CPU
		{3F8E2120-4B97-4AB4-B7F6-5579D94D32A0}.Debug|Any CPU.Build.0 = Debug|Any CPU
		{3F8E2120-4B97-4AB4-B7F6-5579D94D32A0}.Release|Any CPU.ActiveCfg = Release|Any CPU
		{3F8E2120-4B97-4AB4-B7F6-5579D94D32A0}.Release|Any CPU.Build.0 = Release|Any CPU
	EndGlobalSection
	GlobalSection(SolutionProperties) = preSolution
		HideSolutionNode = FALSE
	EndGlobalSection
	GlobalSection(ExtensibilityGlobals) = postSolution
		SolutionGuid = {DD03D137-56C6-4F0C-A918-91306D67EE67}
	EndGlobalSection
EndGlobal
