
Microsoft Visual Studio Solution File, Format Version 12.00
# Visual Studio Version 17
VisualStudioVersion = 17.1.32328.378
MinimumVisualStudioVersion = 10.0.40219.1
Project("{FAE04EC0-301F-11D3-BF4B-00C04F79EFBC}") = "Arda.Utilities", "Arda.Utilities\Arda.Utilities.csproj", "{A479F064-2AED-47FB-B910-CBE37ADCD2F7}"
EndProject
Project("{FAE04EC0-301F-11D3-BF4B-00C04F79EFBC}") = "SampleTest", "SampleTest\SampleTest.csproj", "{8F0AA6D3-062B-46C4-87C4-EFA628B84CF8}"
EndProject
Global
	GlobalSection(SolutionConfigurationPlatforms) = preSolution
		Debug|Any CPU = Debug|Any CPU
		Release|Any CPU = Release|Any CPU
	EndGlobalSection
	GlobalSection(ProjectConfigurationPlatforms) = postSolution
		{A479F064-2AED-47FB-B910-CBE37ADCD2F7}.Debug|Any CPU.ActiveCfg = Debug|Any CPU
		{A479F064-2AED-47FB-B910-CBE37ADCD2F7}.Debug|Any CPU.Build.0 = Debug|Any CPU
		{A479F064-2AED-47FB-B910-CBE37ADCD2F7}.Release|Any CPU.ActiveCfg = Release|Any CPU
		{A479F064-2AED-47FB-B910-CBE37ADCD2F7}.Release|Any CPU.Build.0 = Release|Any CPU
		{8F0AA6D3-062B-46C4-87C4-EFA628B84CF8}.Debug|Any CPU.ActiveCfg = Debug|Any CPU
		{8F0AA6D3-062B-46C4-87C4-EFA628B84CF8}.Debug|Any CPU.Build.0 = Debug|Any CPU
		{8F0AA6D3-062B-46C4-87C4-EFA628B84CF8}.Release|Any CPU.ActiveCfg = Release|Any CPU
		{8F0AA6D3-062B-46C4-87C4-EFA628B84CF8}.Release|Any CPU.Build.0 = Release|Any CPU
	EndGlobalSection
	GlobalSection(SolutionProperties) = preSolution
		HideSolutionNode = FALSE
	EndGlobalSection
	GlobalSection(ExtensibilityGlobals) = postSolution
		SolutionGuid = {3782714A-6250-4723-A01D-A13C0D464024}
	EndGlobalSection
EndGlobal
